
Microsoft Visual Studio Solution File, Format Version 12.00
# 
Project("{FAE04EC0-301F-11D3-BF4B-00C04F79EFBC}") = "LoginService", "src\LoginService\LoginService.csproj", "{8BB78EB9-5732-43DE-A0A8-23711F9214B9}"
EndProject
Project("{2150E333-8FDC-42A3-9474-1A3956D46DE8}") = "test", "test", "{4E832D91-3FD6-4BA9-B144-AFF2732C2F1B}"
EndProject
Project("{FAE04EC0-301F-11D3-BF4B-00C04F79EFBC}") = "LoginService.Test", "test\LoginService.Test\LoginService.Test.csproj", "{2681C7B1-6E72-4CCF-8CB9-8B912BBB0FAD}"
EndProject
Global
	GlobalSection(SolutionConfigurationPlatforms) = preSolution
		Debug|Any CPU = Debug|Any CPU
		Release|Any CPU = Release|Any CPU
	EndGlobalSection
	GlobalSection(ProjectConfigurationPlatforms) = postSolution
		{8BB78EB9-5732-43DE-A0A8-23711F9214B9}.Debug|Any CPU.ActiveCfg = Debug|Any CPU
		{8BB78EB9-5732-43DE-A0A8-23711F9214B9}.Debug|Any CPU.Build.0 = Debug|Any CPU
		{8BB78EB9-5732-43DE-A0A8-23711F9214B9}.Release|Any CPU.ActiveCfg = Release|Any CPU
		{8BB78EB9-5732-43DE-A0A8-23711F9214B9}.Release|Any CPU.Build.0 = Release|Any CPU
		{2681C7B1-6E72-4CCF-8CB9-8B912BBB0FAD}.Debug|Any CPU.ActiveCfg = Debug|Any CPU
		{2681C7B1-6E72-4CCF-8CB9-8B912BBB0FAD}.Debug|Any CPU.Build.0 = Debug|Any CPU
		{2681C7B1-6E72-4CCF-8CB9-8B912BBB0FAD}.Release|Any CPU.ActiveCfg = Release|Any CPU
		{2681C7B1-6E72-4CCF-8CB9-8B912BBB0FAD}.Release|Any CPU.Build.0 = Release|Any CPU
	EndGlobalSection
	GlobalSection(NestedProjects) = preSolution
		{2681C7B1-6E72-4CCF-8CB9-8B912BBB0FAD} = {4E832D91-3FD6-4BA9-B144-AFF2732C2F1B}
	EndGlobalSection
EndGlobal
